{
    "name": "aws-amplify-vscode",
    "version": "0.0.1",
    "lockfileVersion": 1,
    "requires": true,
    "dependencies": {
        "array-to-sentence": {
            "version": "1.1.0",
            "resolved": "https://registry.npmjs.org/array-to-sentence/-/array-to-sentence-1.1.0.tgz",
            "integrity": "sha1-yASVba+lMjJJWyBalFJ1OiWNOfw="
        },
        "async": {
            "version": "1.5.2",
            "resolved": "https://registry.npmjs.org/async/-/async-1.5.2.tgz",
            "integrity": "sha1-7GphrlZIDAw8skHJVhjiCJL5Zyo="
        },
        "balanced-match": {
            "version": "1.0.0",
            "resolved": "https://registry.npmjs.org/balanced-match/-/balanced-match-1.0.0.tgz",
            "integrity": "sha1-ibTRmasr7kneFk6gK4nORi1xt2c="
        },
        "brace-expansion": {
            "version": "1.1.11",
            "resolved": "https://registry.npmjs.org/brace-expansion/-/brace-expansion-1.1.11.tgz",
            "integrity": "sha512-iCuPHDFgrHX7H2vEI/5xpz07zSHB00TpugqhmYtVmMO6518mCuRMoOYFldEBl0g187ufozdaHgWKcYFb61qGiA==",
            "requires": {
                "balanced-match": "^1.0.0",
                "concat-map": "0.0.1"
            }
        },
        "cli": {
            "version": "1.0.1",
            "resolved": "https://registry.npmjs.org/cli/-/cli-1.0.1.tgz",
            "integrity": "sha1-IoF1NPJL+klQw01TLUjsvGIbjBQ=",
            "requires": {
                "exit": "0.1.2",
                "glob": "^7.1.1"
            },
            "dependencies": {
                "glob": {
                    "version": "7.1.2",
                    "resolved": "https://registry.npmjs.org/glob/-/glob-7.1.2.tgz",
                    "integrity": "sha512-MJTUg1kjuLeQCJ+ccE4Vpa6kKVXkPYJ2mOCQyUuKLcLQsdrMCpBPUi8qVE6+YuaJkozeA9NusTAw3hLr8Xe5EQ==",
                    "requires": {
                        "fs.realpath": "^1.0.0",
                        "inflight": "^1.0.4",
                        "inherits": "2",
                        "minimatch": "^3.0.4",
                        "once": "^1.3.0",
                        "path-is-absolute": "^1.0.0"
                    }
                },
                "minimatch": {
                    "version": "3.0.4",
                    "resolved": "https://registry.npmjs.org/minimatch/-/minimatch-3.0.4.tgz",
                    "integrity": "sha512-yJHVQEhyqPLUTgt9B83PXu6W3rx4MvvHvSUvToogpwoGDOUQ+yDrR0HRot+yOCdCO7u4hX3pWft6kWBBcqh0UA==",
                    "requires": {
                        "brace-expansion": "^1.1.7"
                    }
                }
            }
        },
        "concat-map": {
            "version": "0.0.1",
            "resolved": "https://registry.npmjs.org/concat-map/-/concat-map-0.0.1.tgz",
            "integrity": "sha1-2Klr13/Wjfd5OnMDajug1UBdR3s="
        },
        "console-browserify": {
            "version": "1.1.0",
            "resolved": "https://registry.npmjs.org/console-browserify/-/console-browserify-1.1.0.tgz",
            "integrity": "sha1-8CQcRXMKn8YyOyBtvzjtx0HQuxA=",
            "requires": {
                "date-now": "^0.1.4"
            }
        },
        "core-util-is": {
            "version": "1.0.2",
            "resolved": "https://registry.npmjs.org/core-util-is/-/core-util-is-1.0.2.tgz",
            "integrity": "sha1-tf1UIgqivFq1eqtxQMlAdUUDwac="
        },
        "date-now": {
            "version": "0.1.4",
            "resolved": "https://registry.npmjs.org/date-now/-/date-now-0.1.4.tgz",
            "integrity": "sha1-6vQ5/U1ISK105cx9vvIAZyueNFs="
        },
        "dom-serializer": {
            "version": "0.1.0",
            "resolved": "https://registry.npmjs.org/dom-serializer/-/dom-serializer-0.1.0.tgz",
            "integrity": "sha1-BzxpdUbOB4DOI75KKOKT5AvDDII=",
            "requires": {
                "domelementtype": "~1.1.1",
                "entities": "~1.1.1"
            },
            "dependencies": {
                "domelementtype": {
                    "version": "1.1.3",
                    "resolved": "https://registry.npmjs.org/domelementtype/-/domelementtype-1.1.3.tgz",
                    "integrity": "sha1-vSh3PiZCiBrsUVRJJCmcXNgiGFs="
                },
                "entities": {
                    "version": "1.1.1",
                    "resolved": "https://registry.npmjs.org/entities/-/entities-1.1.1.tgz",
                    "integrity": "sha1-blwtClYhtdra7O+AuQ7ftc13cvA="
                }
            }
        },
        "domelementtype": {
            "version": "1.3.0",
            "resolved": "https://registry.npmjs.org/domelementtype/-/domelementtype-1.3.0.tgz",
            "integrity": "sha1-sXrtguirWeUt2cGbF1bg/BhyBMI="
        },
        "domhandler": {
            "version": "2.3.0",
            "resolved": "https://registry.npmjs.org/domhandler/-/domhandler-2.3.0.tgz",
            "integrity": "sha1-LeWaCCLVAn+r/28DLCsloqir5zg=",
            "requires": {
                "domelementtype": "1"
            }
        },
        "domutils": {
            "version": "1.5.1",
            "resolved": "https://registry.npmjs.org/domutils/-/domutils-1.5.1.tgz",
            "integrity": "sha1-3NhIiib1Y9YQeeSMn3t+Mjc2gs8=",
            "requires": {
                "dom-serializer": "0",
                "domelementtype": "1"
            }
        },
        "entities": {
            "version": "1.0.0",
            "resolved": "https://registry.npmjs.org/entities/-/entities-1.0.0.tgz",
            "integrity": "sha1-sph6o4ITR/zeZCsk/fyeT7cSvyY="
        },
        "errno": {
            "version": "0.1.7",
            "resolved": "https://registry.npmjs.org/errno/-/errno-0.1.7.tgz",
            "integrity": "sha512-MfrRBDWzIWifgq6tJj60gkAwtLNb6sQPlcFrSOflcP1aFmmruKQ2wRnze/8V6kgyz7H3FF8Npzv78mZ7XLLflg==",
            "requires": {
                "prr": "~1.0.1"
            }
        },
        "exit": {
            "version": "0.1.2",
            "resolved": "https://registry.npmjs.org/exit/-/exit-0.1.2.tgz",
            "integrity": "sha1-BjJjj42HfMghB9MKD/8aF8uhzQw="
        },
        "fs.realpath": {
            "version": "1.0.0",
            "resolved": "https://registry.npmjs.org/fs.realpath/-/fs.realpath-1.0.0.tgz",
            "integrity": "sha1-FQStJSMVjKpA20onh8sBQRmU6k8="
        },
        "glob": {
            "version": "3.2.11",
            "resolved": "https://registry.npmjs.org/glob/-/glob-3.2.11.tgz",
            "integrity": "sha1-Spc/Y1uRkPcV0QmH1cAP0oFevj0=",
            "requires": {
                "inherits": "2",
                "minimatch": "0.3"
            }
        },
        "htmlparser2": {
            "version": "3.8.3",
            "resolved": "https://registry.npmjs.org/htmlparser2/-/htmlparser2-3.8.3.tgz",
            "integrity": "sha1-mWwosZFRaovoZQGn15dX5ccMEGg=",
            "requires": {
                "domelementtype": "1",
                "domhandler": "2.3",
                "domutils": "1.5",
                "entities": "1.0",
                "readable-stream": "1.1"
            }
        },
        "inflight": {
            "version": "1.0.6",
            "resolved": "https://registry.npmjs.org/inflight/-/inflight-1.0.6.tgz",
            "integrity": "sha1-Sb1jMdfQLQwJvJEKEHW6gWW1bfk=",
            "requires": {
                "once": "^1.3.0",
                "wrappy": "1"
            }
        },
        "inherits": {
            "version": "2.0.3",
            "resolved": "https://registry.npmjs.org/inherits/-/inherits-2.0.3.tgz",
            "integrity": "sha1-Yzwsg+PaQqUC9SRmAiSA9CCCYd4="
        },
        "isarray": {
            "version": "0.0.1",
            "resolved": "https://registry.npmjs.org/isarray/-/isarray-0.0.1.tgz",
            "integrity": "sha1-ihis/Kmo9Bd+Cav8YDiTmwXR7t8="
        },
        "jshint": {
            "version": "2.9.5",
            "resolved": "https://registry.npmjs.org/jshint/-/jshint-2.9.5.tgz",
            "integrity": "sha1-HnJSkVzmgbQIJ+4UJIxG006apiw=",
            "requires": {
                "cli": "~1.0.0",
                "console-browserify": "1.1.x",
                "exit": "0.1.x",
                "htmlparser2": "3.8.x",
                "lodash": "3.7.x",
                "minimatch": "~3.0.2",
                "shelljs": "0.3.x",
                "strip-json-comments": "1.0.x"
            },
            "dependencies": {
                "minimatch": {
                    "version": "3.0.4",
                    "resolved": "https://registry.npmjs.org/minimatch/-/minimatch-3.0.4.tgz",
                    "integrity": "sha512-yJHVQEhyqPLUTgt9B83PXu6W3rx4MvvHvSUvToogpwoGDOUQ+yDrR0HRot+yOCdCO7u4hX3pWft6kWBBcqh0UA==",
                    "requires": {
                        "brace-expansion": "^1.1.7"
                    }
                }
            }
        },
        "lodash": {
            "version": "3.7.0",
            "resolved": "https://registry.npmjs.org/lodash/-/lodash-3.7.0.tgz",
            "integrity": "sha1-Nni9irmVBXwHreg27S7wh9qBHUU="
        },
        "lru-cache": {
            "version": "2.7.3",
            "resolved": "https://registry.npmjs.org/lru-cache/-/lru-cache-2.7.3.tgz",
            "integrity": "sha1-bUUk6LlV+V1PW1iFHOId1y+06VI="
        },
        "minimatch": {
            "version": "0.3.0",
            "resolved": "https://registry.npmjs.org/minimatch/-/minimatch-0.3.0.tgz",
            "integrity": "sha1-J12O2qxPG7MyZHIInnlJyDlGmd0=",
            "requires": {
                "lru-cache": "2",
                "sigmund": "~1.0.0"
            }
        },
        "object-assign": {
            "version": "4.1.1",
            "resolved": "https://registry.npmjs.org/object-assign/-/object-assign-4.1.1.tgz",
            "integrity": "sha1-IQmtx5ZYh8/AXLvUQsrIv7s2CGM="
        },
        "once": {
            "version": "1.4.0",
            "resolved": "https://registry.npmjs.org/once/-/once-1.4.0.tgz",
            "integrity": "sha1-WDsap3WWHUsROsF9nFC6753Xa9E=",
            "requires": {
                "wrappy": "1"
            }
        },
        "path-is-absolute": {
            "version": "1.0.1",
            "resolved": "https://registry.npmjs.org/path-is-absolute/-/path-is-absolute-1.0.1.tgz",
            "integrity": "sha1-F0uSaHNVNP+8es5r9TpanhtcX18="
        },
        "prr": {
            "version": "1.0.1",
            "resolved": "https://registry.npmjs.org/prr/-/prr-1.0.1.tgz",
            "integrity": "sha1-0/wRS6BplaRexok/SEzrHXj19HY="
        },
        "q": {
            "version": "0.9.7",
            "resolved": "https://registry.npmjs.org/q/-/q-0.9.7.tgz",
            "integrity": "sha1-TeLmyzspCIyeTLwDv51C+5bOL3U="
        },
        "readable-stream": {
            "version": "1.1.14",
            "resolved": "https://registry.npmjs.org/readable-stream/-/readable-stream-1.1.14.tgz",
            "integrity": "sha1-fPTFTvZI44EwhMY23SB54WbAgdk=",
            "requires": {
                "core-util-is": "~1.0.0",
                "inherits": "~2.0.1",
                "isarray": "0.0.1",
                "string_decoder": "~0.10.x"
            }
        },
        "shelljs": {
            "version": "0.3.0",
            "resolved": "https://registry.npmjs.org/shelljs/-/shelljs-0.3.0.tgz",
            "integrity": "sha1-NZbmMHp4FUT1kfN9phg2DzHbV7E="
        },
        "sigmund": {
            "version": "1.0.1",
            "resolved": "https://registry.npmjs.org/sigmund/-/sigmund-1.0.1.tgz",
            "integrity": "sha1-P/IfGYytIXX587eBhT/ZTQ0ZtZA="
        },
        "simplebuild": {
            "version": "0.5.3",
            "resolved": "https://registry.npmjs.org/simplebuild/-/simplebuild-0.5.3.tgz",
            "integrity": "sha1-Qm/A1KlS54E3iZ8/SmligNNiDbA=",
            "requires": {
                "array-to-sentence": "^1.0.1",
                "glob": "~3.2.7",
                "object-assign": "^4.0.1",
                "q": "~0.9.7"
            }
        },
        "simplebuild-jshint": {
            "version": "1.3.0",
            "resolved": "https://registry.npmjs.org/simplebuild-jshint/-/simplebuild-jshint-1.3.0.tgz",
            "integrity": "sha1-07GsXdyRzcx6N22oIZqBvWI2iBM=",
            "requires": {
                "async": "^1.5.0",
                "simplebuild": "^0.5.0",
                "worker-farm": "^1.3.1"
            }
        },
        "string_decoder": {
            "version": "0.10.31",
            "resolved": "https://registry.npmjs.org/string_decoder/-/string_decoder-0.10.31.tgz",
            "integrity": "sha1-YuIDvEF2bGwoyfyEMB2rHFMQ+pQ="
        },
        "strip-json-comments": {
            "version": "1.0.4",
            "resolved": "https://registry.npmjs.org/strip-json-comments/-/strip-json-comments-1.0.4.tgz",
            "integrity": "sha1-HhX7ysl9Pumb8tc7TGVrCCu6+5E="
        },
        "worker-farm": {
            "version": "1.6.0",
            "resolved": "https://registry.npmjs.org/worker-farm/-/worker-farm-1.6.0.tgz",
            "integrity": "sha512-6w+3tHbM87WnSWnENBUvA2pxJPLhQUg5LKwUQHq3r+XPhIM+Gh2R5ycbwPCyuGbNg+lPgdcnQUhuC02kJCvffQ==",
            "requires": {
                "errno": "~0.1.7"
            }
        },
        "wrappy": {
            "version": "1.0.2",
            "resolved": "https://registry.npmjs.org/wrappy/-/wrappy-1.0.2.tgz",
            "integrity": "sha1-tSQ9jz7BqjXxNkYFvA0QNuMKtp8="
        }
    }
}
