<?xml version="1.0" encoding="UTF-8"?>
<Scheme
	LastUpgradeVersion="1210"
	version="1.3">
	<BuildAction
		parallelizeBuildables="YES"
		buildImplicitDependencies="YES">
		<BuildActionEntries>
			<BuildActionEntry
				buildForTesting="YES"
				buildForRunning="YES"
				buildForProfiling="YES"
				buildForArchiving="YES"
				buildForAnalyzing="YES">
				<BuildableReference
					BuildableIdentifier="primary"
					BlueprintIdentifier="13B07F861A680F5B00A75B9A"
					BuildableName="AmplifyRtnPasskeysExample.app"
					BlueprintName="AmplifyRtnPasskeysExample"
					ReferencedContainer="container:AmplifyRtnPasskeysExample.xcodeproj">
				</BuildableReference>
			</BuildActionEntry>
		</BuildActionEntries>
	</BuildAction>
	<TestAction
		buildConfiguration="Debug"
		selectedDebuggerIdentifier="Xcode.DebuggerFoundation.Debugger.LLDB"
		selectedLauncherIdentifier="Xcode.DebuggerFoundation.Launcher.LLDB"
		shouldUseLaunchSchemeArgsEnv="YES">
		<Testables>
			<TestableReference
				skipped="NO">
				<BuildableReference
					BuildableIdentifier="primary"
					BlueprintIdentifier="1D7533F62DD2898F00B464C4"
					BuildableName="AmplifyRtnPasskeysExampleTests.xctest"
					BlueprintName="AmplifyRtnPasskeysExampleTests"
					ReferencedContainer="container:AmplifyRtnPasskeysExample.xcodeproj">
				</BuildableReference>
			</TestableReference>
			<TestableReference
				skipped="NO">
				<BuildableReference
					BuildableIdentifier="primary"
					BlueprintIdentifier="698F8971DE6686BF19E81F6AF73C178E"
					BuildableName="AmplifyRtnPasskeys-Unit-tests.xctest"
					BlueprintName="AmplifyRtnPasskeys-Unit-tests"
					ReferencedContainer="container:Pods/Pods.xcodeproj">
				</BuildableReference>
			</TestableReference>
		</Testables>
	</TestAction>
	<LaunchAction
		buildConfiguration="Debug"
		selectedDebuggerIdentifier="Xcode.DebuggerFoundation.Debugger.LLDB"
		selectedLauncherIdentifier="Xcode.DebuggerFoundation.Launcher.LLDB"
		launchStyle="0"
		useCustomWorkingDirectory="NO"
		ignoresPersistentStateOnLaunch="NO"
		debugDocumentVersioning="YES"
		debugServiceExtension="internal"
		allowLocationSimulation="YES">
		<BuildableProductRunnable
			runnableDebuggingMode="0">
			<BuildableReference
				BuildableIdentifier="primary"
				BlueprintIdentifier="13B07F861A680F5B00A75B9A"
				BuildableName="AmplifyRtnPasskeysExample.app"
				BlueprintName="AmplifyRtnPasskeysExample"
				ReferencedContainer="container:AmplifyRtnPasskeysExample.xcodeproj">
			</BuildableReference>
		</BuildableProductRunnable>
	</LaunchAction>
	<ProfileAction
		buildConfiguration="Release"
		shouldUseLaunchSchemeArgsEnv="YES"
		savedToolIdentifier=""
		useCustomWorkingDirectory="NO"
		debugDocumentVersioning="YES">
		<BuildableProductRunnable
			runnableDebuggingMode="0">
			<BuildableReference
				BuildableIdentifier="primary"
				BlueprintIdentifier="13B07F861A680F5B00A75B9A"
				BuildableName="AmplifyRtnPasskeysExample.app"
				BlueprintName="AmplifyRtnPasskeysExample"
				ReferencedContainer="container:AmplifyRtnPasskeysExample.xcodeproj">
			</BuildableReference>
		</BuildableProductRunnable>
	</ProfileAction>
	<AnalyzeAction
		buildConfiguration="Debug">
	</AnalyzeAction>
	<ArchiveAction
		buildConfiguration="Release"
		revealArchiveInOrganizer="YES">
	</ArchiveAction>
</Scheme>
