{
    "name": "aws-amplify-vscode",
    "version": "0.0.4",
    "lockfileVersion": 1,
    "requires": true,
    "dependencies": {
        "@types/vscode": {
            "version": "1.46.0",
            "resolved": "https://registry.npmjs.org/@types/vscode/-/vscode-1.46.0.tgz",
            "integrity": "sha512-8m9wPEB2mcRqTWNKs9A9Eqs8DrQZt0qNFO8GkxBOnyW6xR//3s77SoMgb/nY1ctzACsZXwZj3YRTDsn4bAoaUw=="
        },
        "typescript": {
            "version": "3.9.5",
            "resolved": "https://registry.npmjs.org/typescript/-/typescript-3.9.5.tgz",
            "integrity": "sha512-hSAifV3k+i6lEoCJ2k6R2Z/rp/H3+8sdmcn5NrS3/3kE7+RyZXm9aqvxWqjEXHAd8b0pShatpcdMTvEdvAJltQ==",
            "dev": true
        }
    }
}
