{
	"name": "aws-amplify-vscode",
	"version": "0.0.4",
	"lockfileVersion": 1,
	"requires": true,
	"dependencies": {
		"@types/vscode": {
			"version": "1.47.0",
			"resolved": "https://registry.npmjs.org/@types/vscode/-/vscode-1.47.0.tgz",
			"integrity": "sha512-nJA37ykkz9FYA0ZOQUSc3OZnhuzEW2vUhUEo4MiduUo82jGwwcLfyvmgd/Q7b0WrZAAceojGhZybg319L24bTA=="
		},
		"typescript": {
			"version": "3.9.7",
			"resolved": "https://registry.npmjs.org/typescript/-/typescript-3.9.7.tgz",
			"integrity": "sha512-BLbiRkiBzAwsjut4x/dsibSTB6yWpwT5qWmC2OfuCg3GgVQCSgMs4vEctYPhsaGtd0AeuuHMkjZ2h2WG8MSzRw==",
			"dev": true
		}
	}
}
