name: Lock Threads

on:
  schedule:
    - cron: '30 1 * * *'

jobs:
  lock:
    runs-on: ubuntu-latest
    steps:
      - uses: dessant/lock-threads@f1a42f0f44eb83361d617a014663e1a76cf282d2 # v2 https://github.com/dessant/lock-threads/commit/f1a42f0f44eb83361d617a014663e1a76cf282d2
        with:
          github-token: ${{ secrets.GITHUB_TOKEN }}
          issue-lock-inactive-days: '365'
          issue-lock-reason: 'resolved'
          issue-lock-comment: |
            This issue has been automatically locked since there hasn't been any recent activity after it was closed. Please open a [new issue](https://github.com/aws-amplify/amplify-js/issues/new?assignees=&labels=&template=1.bug_report.yaml) for related bugs.

            Looking for a help forum? We recommend joining the [Amplify Community Discord server](https://discord.com/invite/amplify) `amplify-help` forum.

          pr-lock-comment: |
            This pull request has been automatically locked since there hasn't been any recent activity after it was closed. Please open a [new issue](https://github.com/aws-amplify/amplify-js/issues/new?assignees=&labels=&template=1.bug_report.yaml) for related bugs.

            Looking for a help forum? We recommend joining the [Amplify Community Discord server](https://discord.com/invite/amplify) `amplify-help` forum.
